# This file was autogenerated by Stack.
# You should not edit this file by hand.
# For more information, please see the documentation at:
#   https://docs.haskellstack.org/en/stable/lock_files

packages:
- completed:
    hackage: monad-bayes-1.3.0.1@sha256:07d7ffae99ea52cf2da79b0824140d5be62a9e7e3ea22ef3c11db5778235c8ce,6588
    pantry-tree:
      sha256: a039a2213f6351cc17b40fdee4d35d57ef06e414fea4827319ebeb326ff3f0ed
      size: 4852
  original:
    hackage: monad-bayes-1.3.0.1@sha256:07d7ffae99ea52cf2da79b0824140d5be62a9e7e3ea22ef3c11db5778235c8ce,6588
- completed:
    hackage: brick-2.3.1@sha256:4c36e5d77dc360641a5aa9361949d981e4aecc7f1372c862e0b2451d614b5f5c,17394
    pantry-tree:
      sha256: 7476f449a27ac6736264f1fdde37e0282d43cd803d00da5ebe0ff811ee4035fc
      size: 4671
  original:
    hackage: brick-2.3.1@sha256:4c36e5d77dc360641a5aa9361949d981e4aecc7f1372c862e0b2451d614b5f5c,17394
- completed:
    hackage: HList-0.5.3.0@sha256:7166d99e8133cb6bffb66b748668f5be90cd76733f646553414f69052abebc84,7452
    pantry-tree:
      sha256: d659180b328cee563d76a2fef15dcefa5d56b81adc7360c871af67601771c6cb
      size: 5798
  original:
    hackage: HList-0.5.3.0@sha256:7166d99e8133cb6bffb66b748668f5be90cd76733f646553414f69052abebc84,7452
- completed:
    hackage: overloaded-0.3.1@sha256:d0216ece2fa26f245b28e9ae4619ebcf579e8ed09dcd092e5a754ba41e5cced5,6260
    pantry-tree:
      sha256: 68dcaac956771fb53a4c40d5ef1e16364e9a56d7fdcfd2a49765c8caf328c60e
      size: 4476
  original:
    hackage: overloaded-0.3.1@sha256:d0216ece2fa26f245b28e9ae4619ebcf579e8ed09dcd092e5a754ba41e5cced5,6260
- completed:
    commit: 21d3be9b932239cb638f4538067f40399cc7b465
    git: https://github.com/DCMLab/haskell-musicology.git
    name: musicology-core
    pantry-tree:
      sha256: 3f728043567c737a0e60fdfe5ed3aebc5fabe964b284130b8b70f5a97995c05e
      size: 397
    subdir: musicology-core
    version: 0.1.0.0
  original:
    commit: 21d3be9b932239cb638f4538067f40399cc7b465
    git: https://github.com/DCMLab/haskell-musicology.git
    subdir: musicology-core
- completed:
    commit: 21d3be9b932239cb638f4538067f40399cc7b465
    git: https://github.com/DCMLab/haskell-musicology.git
    name: musicology-pitch
    pantry-tree:
      sha256: 8ef523b13f42e95ab7b545e861d19ef18ee38d33a75ff3f088827a5f946f08c7
      size: 802
    subdir: musicology-pitch
    version: 0.1.0.0
  original:
    commit: 21d3be9b932239cb638f4538067f40399cc7b465
    git: https://github.com/DCMLab/haskell-musicology.git
    subdir: musicology-pitch
- completed:
    hackage: lazyppl-1.0@sha256:60294bfc65207393cb5f315625e0d73d0a335cf8744c5079f17c8cd17331df40,1729
    pantry-tree:
      sha256: 80290027a5f397ff86ae60bd3eb13bd7f45c109a87744303843c346ed7b8d2f1
      size: 899
  original:
    hackage: lazyppl-1.0@sha256:60294bfc65207393cb5f315625e0d73d0a335cf8744c5079f17c8cd17331df40,1729
- completed:
    hackage: monad-dijkstra-0.1.1.5@sha256:5da72b0c58e619ca7856f4535e5a63cbbf61f55c043cde46fb0bc6d6f0cf93f4,1776
    pantry-tree:
      sha256: b2a9e30ad0854ec4cd9ced199f6d90bcd80b11dddb1a13c95c8a669377ce91a8
      size: 434
  original:
    hackage: monad-dijkstra-0.1.1.5@sha256:5da72b0c58e619ca7856f4535e5a63cbbf61f55c043cde46fb0bc6d6f0cf93f4,1776
snapshots:
- completed:
    sha256: b146f371d1a90abbd2aeae1da10f776951046be50eae55a6fe93548a74fcc0dd
    size: 713338
    url: https://raw.githubusercontent.com/commercialhaskell/stackage-snapshots/master/lts/22/21.yaml
  original:
    url: https://raw.githubusercontent.com/commercialhaskell/stackage-snapshots/master/lts/22/21.yaml
